
Microsoft Visual Studio Solution File, Format Version 12.00
# Visual Studio Version 17
VisualStudioVersion = 17.13.35806.99 d17.13
MinimumVisualStudioVersion = 10.0.40219.1
Project("{FAE04EC0-301F-11D3-BF4B-00C04F79EFBC}") = "admin", "admin.csproj", "{49127705-23D3-4A29-9B58-1A5299577341}"
EndProject
Global
	GlobalSection(SolutionConfigurationPlatforms) = preSolution
		Debug|Any CPU = Debug|Any CPU
		Release|Any CPU = Release|Any CPU
	EndGlobalSection
	GlobalSection(ProjectConfigurationPlatforms) = postSolution
		{49127705-23D3-4A29-9B58-1A5299577341}.Debug|Any CPU.ActiveCfg = Debug|Any CPU
		{49127705-23D3-4A29-9B58-1A5299577341}.Debug|Any CPU.Build.0 = Debug|Any CPU
		{49127705-23D3-4A29-9B58-1A5299577341}.Release|Any CPU.ActiveCfg = Release|Any CPU
		{49127705-23D3-4A29-9B58-1A5299577341}.Release|Any CPU.Build.0 = Release|Any CPU
	EndGlobalSection
	GlobalSection(SolutionProperties) = preSolution
		HideSolutionNode = FALSE
	EndGlobalSection
	GlobalSection(ExtensibilityGlobals) = postSolution
		SolutionGuid = {E18C8B1B-7A77-4A06-A299-EF639C83016D}
	EndGlobalSection
EndGlobal
